
Microsoft Visual Studio Solution File, Format Version 12.00
# Visual Studio 15
VisualStudioVersion = 15.0.28307.539
MinimumVisualStudioVersion = 10.0.40219.1
Project("{FAE04EC0-301F-11D3-BF4B-00C04F79EFBC}") = "Triangle", "Triangle\Triangle.csproj", "{AD8054B6-4D19-4B00-9F51-62BB8D61A57B}"
EndProject
Global
	GlobalSection(SolutionConfigurationPlatforms) = preSolution
		Debug|Any CPU = Debug|Any CPU
		Release|Any CPU = Release|Any CPU
	EndGlobalSection
	GlobalSection(ProjectConfigurationPlatforms) = postSolution
		{AD8054B6-4D19-4B00-9F51-62BB8D61A57B}.Debug|Any CPU.ActiveCfg = Debug|Any CPU
		{AD8054B6-4D19-4B00-9F51-62BB8D61A57B}.Debug|Any CPU.Build.0 = Debug|Any CPU
		{AD8054B6-4D19-4B00-9F51-62BB8D61A57B}.Release|Any CPU.ActiveCfg = Release|Any CPU
		{AD8054B6-4D19-4B00-9F51-62BB8D61A57B}.Release|Any CPU.Build.0 = Release|Any CPU
	EndGlobalSection
	GlobalSection(SolutionProperties) = preSolution
		HideSolutionNode = FALSE
	EndGlobalSection
	GlobalSection(ExtensibilityGlobals) = postSolution
		SolutionGuid = {FE5F541B-86DE-4026-A1BF-55C8725A8E49}
	EndGlobalSection
EndGlobal
